{
  "name": "agentpack",
  "version": "0.1.0",
  "lockfileVersion": 3,
  "requires": true,
  "packages": {
    "": {
      "name": "agentpack",
      "version": "0.1.0",
      "workspaces": [
        "apps/*",
        "packages/*"
      ],
      "dependencies": {
        "commander": "^14.0.1",
        "zod": "^3.24.2"
      },
      "devDependencies": {
        "@types/node": "^24.0.0",
        "typescript": "^5.8.3"
      },
      "engines": {
        "node": ">=22.0.0"
      }
    },
    "apps/cli": {
      "name": "@agentpack/cli",
      "version": "0.1.0",
      "dependencies": {
        "@agentpack/domain": "0.1.0",
        "@agentpack/schemas": "0.1.0",
        "commander": "^14.0.1"
      },
      "bin": {
        "agentpack": "dist/apps/cli/src/index.js"
      }
    },
    "apps/cli/node_modules/commander": {},
    "node_modules/@agentpack/cli": {
      "resolved": "apps/cli",
      "link": true
    },
    "node_modules/@agentpack/domain": {
      "resolved": "packages/domain",
      "link": true
    },
    "node_modules/@agentpack/schemas": {
      "resolved": "packages/schemas",
      "link": true
    },
    "node_modules/@agentpack/test-fixtures": {
      "resolved": "packages/test-fixtures",
      "link": true
    },
    "node_modules/@types/node": {
      "version": "24.12.0",
      "resolved": "https://registry.npmjs.org/@types/node/-/node-24.12.0.tgz",
      "integrity": "sha512-GYDxsZi3ChgmckRT9HPU0WEhKLP08ev/Yfcq2AstjrDASOYCSXeyjDsHg4v5t4jOj7cyDX3vmprafKlWIG9MXQ==",
      "dev": true,
      "license": "MIT",
      "dependencies": {
        "undici-types": "~7.16.0"
      }
    },
    "node_modules/commander": {
      "version": "14.0.3",
      "resolved": "https://registry.npmjs.org/commander/-/commander-14.0.3.tgz",
      "integrity": "sha512-H+y0Jo/T1RZ9qPP4Eh1pkcQcLRglraJaSLoyOtHxu6AapkjWVCy2Sit1QQ4x3Dng8qDlSsZEet7g5Pq06MvTgw==",
      "license": "MIT",
      "engines": {
        "node": ">=20"
      }
    },
    "node_modules/typescript": {
      "version": "5.9.3",
      "resolved": "https://registry.npmjs.org/typescript/-/typescript-5.9.3.tgz",
      "integrity": "sha512-jl1vZzPDinLr9eUt3J/t7V6FgNEw9QjvBPdysz9KfQDD41fQrC2Y4vKQdiaUpFT4bXlb1RHhLpp8wtm6M5TgSw==",
      "dev": true,
      "license": "Apache-2.0",
      "bin": {
        "tsc": "bin/tsc",
        "tsserver": "bin/tsserver"
      },
      "engines": {
        "node": ">=14.17"
      }
    },
    "node_modules/undici-types": {
      "version": "7.16.0",
      "resolved": "https://registry.npmjs.org/undici-types/-/undici-types-7.16.0.tgz",
      "integrity": "sha512-Zz+aZWSj8LE6zoxD+xrjh4VfkIG8Ya6LvYkZqtUQGJPZjYl53ypCaUwWqo7eI0x66KBGeRo+mlBEkMSeSZ38Nw==",
      "dev": true,
      "license": "MIT"
    },
    "node_modules/zod": {
      "version": "3.25.76",
      "resolved": "https://registry.npmjs.org/zod/-/zod-3.25.76.tgz",
      "integrity": "sha512-gzUt/qt81nXsFGKIFcC3YnfEAx5NkunCfnDlvuBSSFS02bcXu4Lmea0AFIUwbLWxWPx3d9p8S5QoaujKcNQxcQ==",
      "license": "MIT",
      "funding": {
        "url": "https://github.com/sponsors/colinhacks"
      }
    },
    "packages/domain": {
      "name": "@agentpack/domain",
      "version": "0.1.0"
    },
    "packages/schemas": {
      "name": "@agentpack/schemas",
      "version": "0.1.0",
      "dependencies": {
        "@agentpack/domain": "0.1.0",
        "zod": "^3.24.2"
      }
    },
    "packages/schemas/node_modules/zod": {},
    "packages/test-fixtures": {
      "name": "@agentpack/test-fixtures",
      "version": "0.1.0"
    }
  }
}
